
Microsoft Visual Studio Solution File, Format Version 12.00
# Visual Studio 2012
Project("{8BC9CEB8-8B4A-11D0-8D11-00A0C91BC942}") = "HelloProject", "HelloProject\HelloProject.vcxproj", "{D23E3BC4-7F1A-442D-9306-A1D07D9F4001}"
EndProject
Global
	GlobalSection(SolutionConfigurationPlatforms) = preSolution
		Debug|Win32 = Debug|Win32
		Release|Win32 = Release|Win32
	EndGlobalSection
	GlobalSection(ProjectConfigurationPlatforms) = postSolution
		{D23E3BC4-7F1A-442D-9306-A1D07D9F4001}.Debug|Win32.ActiveCfg = Debug|Win32
		{D23E3BC4-7F1A-442D-9306-A1D07D9F4001}.Debug|Win32.Build.0 = Debug|Win32
		{D23E3BC4-7F1A-442D-9306-A1D07D9F4001}.Release|Win32.ActiveCfg = Release|Win32
		{D23E3BC4-7F1A-442D-9306-A1D07D9F4001}.Release|Win32.Build.0 = Release|Win32
	EndGlobalSection
	GlobalSection(SolutionProperties) = preSolution
		HideSolutionNode = FALSE
	EndGlobalSection
EndGlobal
